// !$*UTF8*$!
{
	archiveVersion = 1;
	classes = {
	};
	objectVersion = 46;
	objects = {

/* Begin PBXBuildFile section */
		4C98FED118AC608E008F20F2 /* Foundation.framework in Frameworks */ = {isa = PBXBuildFile; fileRef = 4C98FED018AC608E008F20F2 /* Foundation.framework */; };
		4C98FED318AC608E008F20F2 /* CoreGraphics.framework in Frameworks */ = {isa = PBXBuildFile; fileRef = 4C98FED218AC608E008F20F2 /* CoreGraphics.framework */; };
		4C98FED518AC608E008F20F2 /* UIKit.framework in Frameworks */ = {isa = PBXBuildFile; fileRef = 4C98FED418AC608E008F20F2 /* UIKit.framework */; };
		4C98FED718AC608E008F20F2 /* SpriteKit.framework in Frameworks */ = {isa = PBXBuildFile; fileRef = 4C98FED618AC608E008F20F2 /* SpriteKit.framework */; };
		4C98FEDD18AC608E008F20F2 /* InfoPlist.strings in Resources */ = {isa = PBXBuildFile; fileRef = 4C98FEDB18AC608E008F20F2 /* InfoPlist.strings */; };
		4C98FEDF18AC608E008F20F2 /* main.m in Sources */ = {isa = PBXBuildFile; fileRef = 4C98FEDE18AC608E008F20F2 /* main.m */; };
		4C98FEE318AC608E008F20F2 /* AppDelegate.m in Sources */ = {isa = PBXBuildFile; fileRef = 4C98FEE218AC608E008F20F2 /* AppDelegate.m */; };
		4C98FEE618AC608E008F20F2 /* Main.storyboard in Resources */ = {isa = PBXBuildFile; fileRef = 4C98FEE418AC608E008F20F2 /* Main.storyboard */; };
		4C98FEE918AC608E008F20F2 /* ViewController.m in Sources */ = {isa = PBXBuildFile; fileRef = 4C98FEE818AC608E008F20F2 /* ViewController.m */; };
		4C98FEEC18AC608E008F20F2 /* MyScene.m in Sources */ = {isa = PBXBuildFile; fileRef = 4C98FEEB18AC608E008F20F2 /* MyScene.m */; };
		4C98FEEE18AC608E008F20F2 /* Spaceship.png in Resources */ = {isa = PBXBuildFile; fileRef = 4C98FEED18AC608E008F20F2 /* Spaceship.png */; };
		4C98FEF018AC608E008F20F2 /* Images.xcassets in Resources */ = {isa = PBXBuildFile; fileRef = 4C98FEEF18AC608E008F20F2 /* Images.xcassets */; };
		4C98FEF718AC608E008F20F2 /* XCTest.framework in Frameworks */ = {isa = PBXBuildFile; fileRef = 4C98FEF618AC608E008F20F2 /* XCTest.framework */; };
		4C98FEF818AC608E008F20F2 /* Foundation.framework in Frameworks */ = {isa = PBXBuildFile; fileRef = 4C98FED018AC608E008F20F2 /* Foundation.framework */; };
		4C98FEF918AC608E008F20F2 /* UIKit.framework in Frameworks */ = {isa = PBXBuildFile; fileRef = 4C98FED418AC608E008F20F2 /* UIKit.framework */; };
		4C98FF0118AC608E008F20F2 /* InfoPlist.strings in Resources */ = {isa = PBXBuildFile; fileRef = 4C98FEFF18AC608E008F20F2 /* InfoPlist.strings */; };
		4C98FF0318AC608E008F20F2 /* SideProjectPrototypeTests.m in Sources */ = {isa = PBXBuildFile; fileRef = 4C98FF0218AC608E008F20F2 /* SideProjectPrototypeTests.m */; };
/* End PBXBuildFile section */

/* Begin PBXContainerItemProxy section */
		4C98FEFA18AC608E008F20F2 /* PBXContainerItemProxy */ = {
			isa = PBXContainerItemProxy;
			containerPortal = 4C98FEC518AC608E008F20F2 /* Project object */;
			proxyType = 1;
			remoteGlobalIDString = 4C98FECC18AC608E008F20F2;
			remoteInfo = SideProjectPrototype;
		};
/* End PBXContainerItemProxy section */

/* Begin PBXFileReference section */
		4C98FECD18AC608E008F20F2 /* SideProjectPrototype.app */ = {isa = PBXFileReference; explicitFileType = wrapper.application; includeInIndex = 0; path = SideProjectPrototype.app; sourceTree = BUILT_PRODUCTS_DIR; };
		4C98FED018AC608E008F20F2 /* Foundation.framework */ = {isa = PBXFileReference; lastKnownFileType = wrapper.framework; name = Foundation.framework; path = System/Library/Frameworks/Foundation.framework; sourceTree = SDKROOT; };
		4C98FED218AC608E008F20F2 /* CoreGraphics.framework */ = {isa = PBXFileReference; lastKnownFileType = wrapper.framework; name = CoreGraphics.framework; path = System/Library/Frameworks/CoreGraphics.framework; sourceTree = SDKROOT; };
		4C98FED418AC608E008F20F2 /* UIKit.framework */ = {isa = PBXFileReference; lastKnownFileType = wrapper.framework; name = UIKit.framework; path = System/Library/Frameworks/UIKit.framework; sourceTree = SDKROOT; };
		4C98FED618AC608E008F20F2 /* SpriteKit.framework */ = {isa = PBXFileReference; lastKnownFileType = wrapper.framework; name = SpriteKit.framework; path = System/Library/Frameworks/SpriteKit.framework; sourceTree = SDKROOT; };
		4C98FEDA18AC608E008F20F2 /* SideProjectPrototype-Info.plist */ = {isa = PBXFileReference; lastKnownFileType = text.plist.xml; path = "SideProjectPrototype-Info.plist"; sourceTree = "<group>"; };
		4C98FEDC18AC608E008F20F2 /* en */ = {isa = PBXFileReference; lastKnownFileType = text.plist.strings; name = en; path = en.lproj/InfoPlist.strings; sourceTree = "<group>"; };
		4C98FEDE18AC608E008F20F2 /* main.m */ = {isa = PBXFileReference; lastKnownFileType = sourcecode.c.objc; path = main.m; sourceTree = "<group>"; };
		4C98FEE018AC608E008F20F2 /* SideProjectPrototype-Prefix.pch */ = {isa = PBXFileReference; lastKnownFileType = sourcecode.c.h; path = "SideProjectPrototype-Prefix.pch"; sourceTree = "<group>"; };
		4C98FEE118AC608E008F20F2 /* AppDelegate.h */ = {isa = PBXFileReference; lastKnownFileType = sourcecode.c.h; path = AppDelegate.h; sourceTree = "<group>"; };
		4C98FEE218AC608E008F20F2 /* AppDelegate.m */ = {isa = PBXFileReference; lastKnownFileType = sourcecode.c.objc; path = AppDelegate.m; sourceTree = "<group>"; };
		4C98FEE518AC608E008F20F2 /* Base */ = {isa = PBXFileReference; lastKnownFileType = file.storyboard; name = Base; path = Base.lproj/Main.storyboard; sourceTree = "<group>"; };
		4C98FEE718AC608E008F20F2 /* ViewController.h */ = {isa = PBXFileReference; lastKnownFileType = sourcecode.c.h; path = ViewController.h; sourceTree = "<group>"; };
		4C98FEE818AC608E008F20F2 /* ViewController.m */ = {isa = PBXFileReference; lastKnownFileType = sourcecode.c.objc; path = ViewController.m; sourceTree = "<group>"; };
		4C98FEEA18AC608E008F20F2 /* MyScene.h */ = {isa = PBXFileReference; lastKnownFileType = sourcecode.c.h; path = MyScene.h; sourceTree = "<group>"; };
		4C98FEEB18AC608E008F20F2 /* MyScene.m */ = {isa = PBXFileReference; lastKnownFileType = sourcecode.c.objc; path = MyScene.m; sourceTree = "<group>"; };
		4C98FEED18AC608E008F20F2 /* Spaceship.png */ = {isa = PBXFileReference; lastKnownFileType = image.png; path = Spaceship.png; sourceTree = "<group>"; };
		4C98FEEF18AC608E008F20F2 /* Images.xcassets */ = {isa = PBXFileReference; lastKnownFileType = folder.assetcatalog; path = Images.xcassets; sourceTree = "<group>"; };
		4C98FEF518AC608E008F20F2 /* SideProjectPrototypeTests.xctest */ = {isa = PBXFileReference; explicitFileType = wrapper.cfbundle; includeInIndex = 0; path = SideProjectPrototypeTests.xctest; sourceTree = BUILT_PRODUCTS_DIR; };
		4C98FEF618AC608E008F20F2 /* XCTest.framework */ = {isa = PBXFileReference; lastKnownFileType = wrapper.framework; name = XCTest.framework; path = Library/Frameworks/XCTest.framework; sourceTree = DEVELOPER_DIR; };
		4C98FEFE18AC608E008F20F2 /* SideProjectPrototypeTests-Info.plist */ = {isa = PBXFileReference; lastKnownFileType = text.plist.xml; path = "SideProjectPrototypeTests-Info.plist"; sourceTree = "<group>"; };
		4C98FF0018AC608E008F20F2 /* en */ = {isa = PBXFileReference; lastKnownFileType = text.plist.strings; name = en; path = en.lproj/InfoPlist.strings; sourceTree = "<group>"; };
		4C98FF0218AC608E008F20F2 /* SideProjectPrototypeTests.m */ = {isa = PBXFileReference; lastKnownFileType = sourcecode.c.objc; path = SideProjectPrototypeTests.m; sourceTree = "<group>"; };
/* End PBXFileReference section */

/* Begin PBXFrameworksBuildPhase section */
		4C98FECA18AC608E008F20F2 /* Frameworks */ = {
			isa = PBXFrameworksBuildPhase;
			buildActionMask = 2147483647;
			files = (
				4C98FED318AC608E008F20F2 /* CoreGraphics.framework in Frameworks */,
				4C98FED518AC608E008F20F2 /* UIKit.framework in Frameworks */,
				4C98FED718AC608E008F20F2 /* SpriteKit.framework in Frameworks */,
				4C98FED118AC608E008F20F2 /* Foundation.framework in Frameworks */,
			);
			runOnlyForDeploymentPostprocessing = 0;
		};
		4C98FEF218AC608E008F20F2 /* Frameworks */ = {
			isa = PBXFrameworksBuildPhase;
			buildActionMask = 2147483647;
			files = (
				4C98FEF718AC608E008F20F2 /* XCTest.framework in Frameworks */,
				4C98FEF918AC608E008F20F2 /* UIKit.framework in Frameworks */,
				4C98FEF818AC608E008F20F2 /* Foundation.framework in Frameworks */,
			);
			runOnlyForDeploymentPostprocessing = 0;
		};
/* End PBXFrameworksBuildPhase section */

/* Begin PBXGroup section */
		4C98FEC418AC608E008F20F2 = {
			isa = PBXGroup;
			children = (
				4C98FED818AC608E008F20F2 /* SideProjectPrototype */,
				4C98FEFC18AC608E008F20F2 /* SideProjectPrototypeTests */,
				4C98FECF18AC608E008F20F2 /* Frameworks */,
				4C98FECE18AC608E008F20F2 /* Products */,
			);
			sourceTree = "<group>";
		};
		4C98FECE18AC608E008F20F2 /* Products */ = {
			isa = PBXGroup;
			children = (
				4C98FECD18AC608E008F20F2 /* SideProjectPrototype.app */,
				4C98FEF518AC608E008F20F2 /* SideProjectPrototypeTests.xctest */,
			);
			name = Products;
			sourceTree = "<group>";
		};
		4C98FECF18AC608E008F20F2 /* Frameworks */ = {
			isa = PBXGroup;
			children = (
				4C98FED018AC608E008F20F2 /* Foundation.framework */,
				4C98FED218AC608E008F20F2 /* CoreGraphics.framework */,
				4C98FED418AC608E008F20F2 /* UIKit.framework */,
				4C98FED618AC608E008F20F2 /* SpriteKit.framework */,
				4C98FEF618AC608E008F20F2 /* XCTest.framework */,
			);
			name = Frameworks;
			sourceTree = "<group>";
		};
		4C98FED818AC608E008F20F2 /* SideProjectPrototype */ = {
			isa = PBXGroup;
			children = (
				4C98FEE118AC608E008F20F2 /* AppDelegate.h */,
				4C98FEE218AC608E008F20F2 /* AppDelegate.m */,
				4C98FEE418AC608E008F20F2 /* Main.storyboard */,
				4C98FEE718AC608E008F20F2 /* ViewController.h */,
				4C98FEE818AC608E008F20F2 /* ViewController.m */,
				4C98FEEA18AC608E008F20F2 /* MyScene.h */,
				4C98FEEB18AC608E008F20F2 /* MyScene.m */,
				4C98FEED18AC608E008F20F2 /* Spaceship.png */,
				4C98FEEF18AC608E008F20F2 /* Images.xcassets */,
				4C98FED918AC608E008F20F2 /* Supporting Files */,
			);
			path = SideProjectPrototype;
			sourceTree = "<group>";
		};
		4C98FED918AC608E008F20F2 /* Supporting Files */ = {
			isa = PBXGroup;
			children = (
				4C98FEDA18AC608E008F20F2 /* SideProjectPrototype-Info.plist */,
				4C98FEDB18AC608E008F20F2 /* InfoPlist.strings */,
				4C98FEDE18AC608E008F20F2 /* main.m */,
				4C98FEE018AC608E008F20F2 /* SideProjectPrototype-Prefix.pch */,
			);
			name = "Supporting Files";
			sourceTree = "<group>";
		};
		4C98FEFC18AC608E008F20F2 /* SideProjectPrototypeTests */ = {
			isa = PBXGroup;
			children = (
				4C98FF0218AC608E008F20F2 /* SideProjectPrototypeTests.m */,
				4C98FEFD18AC608E008F20F2 /* Supporting Files */,
			);
			path = SideProjectPrototypeTests;
			sourceTree = "<group>";
		};
		4C98FEFD18AC608E008F20F2 /* Supporting Files */ = {
			isa = PBXGroup;
			children = (
				4C98FEFE18AC608E008F20F2 /* SideProjectPrototypeTests-Info.plist */,
				4C98FEFF18AC608E008F20F2 /* InfoPlist.strings */,
			);
			name = "Supporting Files";
			sourceTree = "<group>";
		};
/* End PBXGroup section */

/* Begin PBXNativeTarget section */
		4C98FECC18AC608E008F20F2 /* SideProjectPrototype */ = {
			isa = PBXNativeTarget;
			buildConfigurationList = 4C98FF0618AC608E008F20F2 /* Build configuration list for PBXNativeTarget "SideProjectPrototype" */;
			buildPhases = (
				4C98FEC918AC608E008F20F2 /* Sources */,
				4C98FECA18AC608E008F20F2 /* Frameworks */,
				4C98FECB18AC608E008F20F2 /* Resources */,
			);
			buildRules = (
			);
			dependencies = (
			);
			name = SideProjectPrototype;
			productName = SideProjectPrototype;
			productReference = 4C98FECD18AC608E008F20F2 /* SideProjectPrototype.app */;
			productType = "com.apple.product-type.application";
		};
		4C98FEF418AC608E008F20F2 /* SideProjectPrototypeTests */ = {
			isa = PBXNativeTarget;
			buildConfigurationList = 4C98FF0918AC608E008F20F2 /* Build configuration list for PBXNativeTarget "SideProjectPrototypeTests" */;
			buildPhases = (
				4C98FEF118AC608E008F20F2 /* Sources */,
				4C98FEF218AC608E008F20F2 /* Frameworks */,
				4C98FEF318AC608E008F20F2 /* Resources */,
			);
			buildRules = (
			);
			dependencies = (
				4C98FEFB18AC608E008F20F2 /* PBXTargetDependency */,
			);
			name = SideProjectPrototypeTests;
			productName = SideProjectPrototypeTests;
			productReference = 4C98FEF518AC608E008F20F2 /* SideProjectPrototypeTests.xctest */;
			productType = "com.apple.product-type.bundle.unit-test";
		};
/* End PBXNativeTarget section */

/* Begin PBXProject section */
		4C98FEC518AC608E008F20F2 /* Project object */ = {
			isa = PBXProject;
			attributes = {
				LastUpgradeCheck = 0500;
				ORGANIZATIONNAME = "Weston Chambers";
				TargetAttributes = {
					4C98FEF418AC608E008F20F2 = {
						TestTargetID = 4C98FECC18AC608E008F20F2;
					};
				};
			};
			buildConfigurationList = 4C98FEC818AC608E008F20F2 /* Build configuration list for PBXProject "SideProjectPrototype" */;
			compatibilityVersion = "Xcode 3.2";
			developmentRegion = English;
			hasScannedForEncodings = 0;
			knownRegions = (
				en,
				Base,
			);
			mainGroup = 4C98FEC418AC608E008F20F2;
			productRefGroup = 4C98FECE18AC608E008F20F2 /* Products */;
			projectDirPath = "";
			projectRoot = "";
			targets = (
				4C98FECC18AC608E008F20F2 /* SideProjectPrototype */,
				4C98FEF418AC608E008F20F2 /* SideProjectPrototypeTests */,
			);
		};
/* End PBXProject section */

/* Begin PBXResourcesBuildPhase section */
		4C98FECB18AC608E008F20F2 /* Resources */ = {
			isa = PBXResourcesBuildPhase;
			buildActionMask = 2147483647;
			files = (
				4C98FEDD18AC608E008F20F2 /* InfoPlist.strings in Resources */,
				4C98FEF018AC608E008F20F2 /* Images.xcassets in Resources */,
				4C98FEEE18AC608E008F20F2 /* Spaceship.png in Resources */,
				4C98FEE618AC608E008F20F2 /* Main.storyboard in Resources */,
			);
			runOnlyForDeploymentPostprocessing = 0;
		};
		4C98FEF318AC608E008F20F2 /* Resources */ = {
			isa = PBXResourcesBuildPhase;
			buildActionMask = 2147483647;
			files = (
				4C98FF0118AC608E008F20F2 /* InfoPlist.strings in Resources */,
			);
			runOnlyForDeploymentPostprocessing = 0;
		};
/* End PBXResourcesBuildPhase section */

/* Begin PBXSourcesBuildPhase section */
		4C98FEC918AC608E008F20F2 /* Sources */ = {
			isa = PBXSourcesBuildPhase;
			buildActionMask = 2147483647;
			files = (
				4C98FEEC18AC608E008F20F2 /* MyScene.m in Sources */,
				4C98FEE918AC608E008F20F2 /* ViewController.m in Sources */,
				4C98FEE318AC608E008F20F2 /* AppDelegate.m in Sources */,
				4C98FEDF18AC608E008F20F2 /* main.m in Sources */,
			);
			runOnlyForDeploymentPostprocessing = 0;
		};
		4C98FEF118AC608E008F20F2 /* Sources */ = {
			isa = PBXSourcesBuildPhase;
			buildActionMask = 2147483647;
			files = (
				4C98FF0318AC608E008F20F2 /* SideProjectPrototypeTests.m in Sources */,
			);
			runOnlyForDeploymentPostprocessing = 0;
		};
/* End PBXSourcesBuildPhase section */

/* Begin PBXTargetDependency section */
		4C98FEFB18AC608E008F20F2 /* PBXTargetDependency */ = {
			isa = PBXTargetDependency;
			target = 4C98FECC18AC608E008F20F2 /* SideProjectPrototype */;
			targetProxy = 4C98FEFA18AC608E008F20F2 /* PBXContainerItemProxy */;
		};
/* End PBXTargetDependency section */

/* Begin PBXVariantGroup section */
		4C98FEDB18AC608E008F20F2 /* InfoPlist.strings */ = {
			isa = PBXVariantGroup;
			children = (
				4C98FEDC18AC608E008F20F2 /* en */,
			);
			name = InfoPlist.strings;
			sourceTree = "<group>";
		};
		4C98FEE418AC608E008F20F2 /* Main.storyboard */ = {
			isa = PBXVariantGroup;
			children = (
				4C98FEE518AC608E008F20F2 /* Base */,
			);
			name = Main.storyboard;
			sourceTree = "<group>";
		};
		4C98FEFF18AC608E008F20F2 /* InfoPlist.strings */ = {
			isa = PBXVariantGroup;
			children = (
				4C98FF0018AC608E008F20F2 /* en */,
			);
			name = InfoPlist.strings;
			sourceTree = "<group>";
		};
/* End PBXVariantGroup section */

/* Begin XCBuildConfiguration section */
		4C98FF0418AC608E008F20F2 /* Debug */ = {
			isa = XCBuildConfiguration;
			buildSettings = {
				ALWAYS_SEARCH_USER_PATHS = NO;
				ARCHS = "$(ARCHS_STANDARD_INCLUDING_64_BIT)";
				CLANG_CXX_LANGUAGE_STANDARD = "gnu++0x";
				CLANG_CXX_LIBRARY = "libc++";
				CLANG_ENABLE_MODULES = YES;
				CLANG_ENABLE_OBJC_ARC = YES;
				CLANG_WARN_BOOL_CONVERSION = YES;
				CLANG_WARN_CONSTANT_CONVERSION = YES;
				CLANG_WARN_DIRECT_OBJC_ISA_USAGE = YES_ERROR;
				CLANG_WARN_EMPTY_BODY = YES;
				CLANG_WARN_ENUM_CONVERSION = YES;
				CLANG_WARN_INT_CONVERSION = YES;
				CLANG_WARN_OBJC_ROOT_CLASS = YES_ERROR;
				CLANG_WARN__DUPLICATE_METHOD_MATCH = YES;
				"CODE_SIGN_IDENTITY[sdk=iphoneos*]" = "iPhone Developer";
				COPY_PHASE_STRIP = NO;
				GCC_C_LANGUAGE_STANDARD = gnu99;
				GCC_DYNAMIC_NO_PIC = NO;
				GCC_OPTIMIZATION_LEVEL = 0;
				GCC_PREPROCESSOR_DEFINITIONS = (
					"DEBUG=1",
					"$(inherited)",
				);
				GCC_SYMBOLS_PRIVATE_EXTERN = NO;
				GCC_WARN_64_TO_32_BIT_CONVERSION = YES;
				GCC_WARN_ABOUT_RETURN_TYPE = YES_ERROR;
				GCC_WARN_UNDECLARED_SELECTOR = YES;
				GCC_WARN_UNINITIALIZED_AUTOS = YES;
				GCC_WARN_UNUSED_FUNCTION = YES;
				GCC_WARN_UNUSED_VARIABLE = YES;
				IPHONEOS_DEPLOYMENT_TARGET = 7.0;
				ONLY_ACTIVE_ARCH = YES;
				SDKROOT = iphoneos;
			};
			name = Debug;
		};
		4C98FF0518AC608E008F20F2 /* Release */ = {
			isa = XCBuildConfiguration;
			buildSettings = {
				ALWAYS_SEARCH_USER_PATHS = NO;
				ARCHS = "$(ARCHS_STANDARD_INCLUDING_64_BIT)";
				CLANG_CXX_LANGUAGE_STANDARD = "gnu++0x";
				CLANG_CXX_LIBRARY = "libc++";
				CLANG_ENABLE_MODULES = YES;
				CLANG_ENABLE_OBJC_ARC = YES;
				CLANG_WARN_BOOL_CONVERSION = YES;
				CLANG_WARN_CONSTANT_CONVERSION = YES;
				CLANG_WARN_DIRECT_OBJC_ISA_USAGE = YES_ERROR;
				CLANG_WARN_EMPTY_BODY = YES;
				CLANG_WARN_ENUM_CONVERSION = YES;
				CLANG_WARN_INT_CONVERSION = YES;
				CLANG_WARN_OBJC_ROOT_CLASS = YES_ERROR;
				CLANG_WARN__DUPLICATE_METHOD_MATCH = YES;
				"CODE_SIGN_IDENTITY[sdk=iphoneos*]" = "iPhone Developer";
				COPY_PHASE_STRIP = YES;
				ENABLE_NS_ASSERTIONS = NO;
				GCC_C_LANGUAGE_STANDARD = gnu99;
				GCC_WARN_64_TO_32_BIT_CONVERSION = YES;
				GCC_WARN_ABOUT_RETURN_TYPE = YES_ERROR;
				GCC_WARN_UNDECLARED_SELECTOR = YES;
				GCC_WARN_UNINITIALIZED_AUTOS = YES;
				GCC_WARN_UNUSED_FUNCTION = YES;
				GCC_WARN_UNUSED_VARIABLE = YES;
				IPHONEOS_DEPLOYMENT_TARGET = 7.0;
				SDKROOT = iphoneos;
				VALIDATE_PRODUCT = YES;
			};
			name = Release;
		};
		4C98FF0718AC608E008F20F2 /* Debug */ = {
			isa = XCBuildConfiguration;
			buildSettings = {
				ASSETCATALOG_COMPILER_APPICON_NAME = AppIcon;
				ASSETCATALOG_COMPILER_LAUNCHIMAGE_NAME = LaunchImage;
				GCC_PRECOMPILE_PREFIX_HEADER = YES;
				GCC_PREFIX_HEADER = "SideProjectPrototype/SideProjectPrototype-Prefix.pch";
				INFOPLIST_FILE = "SideProjectPrototype/SideProjectPrototype-Info.plist";
				PRODUCT_NAME = "$(TARGET_NAME)";
				SPRITEKIT_TEXTURE_ATLAS_OUTPUT = YES;
				WRAPPER_EXTENSION = app;
			};
			name = Debug;
		};
		4C98FF0818AC608E008F20F2 /* Release */ = {
			isa = XCBuildConfiguration;
			buildSettings = {
				ASSETCATALOG_COMPILER_APPICON_NAME = AppIcon;
				ASSETCATALOG_COMPILER_LAUNCHIMAGE_NAME = LaunchImage;
				GCC_PRECOMPILE_PREFIX_HEADER = YES;
				GCC_PREFIX_HEADER = "SideProjectPrototype/SideProjectPrototype-Prefix.pch";
				INFOPLIST_FILE = "SideProjectPrototype/SideProjectPrototype-Info.plist";
				PRODUCT_NAME = "$(TARGET_NAME)";
				SPRITEKIT_TEXTURE_ATLAS_OUTPUT = YES;
				WRAPPER_EXTENSION = app;
			};
			name = Release;
		};
		4C98FF0A18AC608E008F20F2 /* Debug */ = {
			isa = XCBuildConfiguration;
			buildSettings = {
				ARCHS = "$(ARCHS_STANDARD_INCLUDING_64_BIT)";
				BUNDLE_LOADER = "$(BUILT_PRODUCTS_DIR)/SideProjectPrototype.app/SideProjectPrototype";
				FRAMEWORK_SEARCH_PATHS = (
					"$(SDKROOT)/Developer/Library/Frameworks",
					"$(inherited)",
					"$(DEVELOPER_FRAMEWORKS_DIR)",
				);
				GCC_PRECOMPILE_PREFIX_HEADER = YES;
				GCC_PREFIX_HEADER = "SideProjectPrototype/SideProjectPrototype-Prefix.pch";
				GCC_PREPROCESSOR_DEFINITIONS = (
					"DEBUG=1",
					"$(inherited)",
				);
				INFOPLIST_FILE = "SideProjectPrototypeTests/SideProjectPrototypeTests-Info.plist";
				PRODUCT_NAME = "$(TARGET_NAME)";
				TEST_HOST = "$(BUNDLE_LOADER)";
				WRAPPER_EXTENSION = xctest;
			};
			name = Debug;
		};
		4C98FF0B18AC608E008F20F2 /* Release */ = {
			isa = XCBuildConfiguration;
			buildSettings = {
				ARCHS = "$(ARCHS_STANDARD_INCLUDING_64_BIT)";
				BUNDLE_LOADER = "$(BUILT_PRODUCTS_DIR)/SideProjectPrototype.app/SideProjectPrototype";
				FRAMEWORK_SEARCH_PATHS = (
					"$(SDKROOT)/Developer/Library/Frameworks",
					"$(inherited)",
					"$(DEVELOPER_FRAMEWORKS_DIR)",
				);
				GCC_PRECOMPILE_PREFIX_HEADER = YES;
				GCC_PREFIX_HEADER = "SideProjectPrototype/SideProjectPrototype-Prefix.pch";
				INFOPLIST_FILE = "SideProjectPrototypeTests/SideProjectPrototypeTests-Info.plist";
				PRODUCT_NAME = "$(TARGET_NAME)";
				TEST_HOST = "$(BUNDLE_LOADER)";
				WRAPPER_EXTENSION = xctest;
			};
			name = Release;
		};
/* End XCBuildConfiguration section */

/* Begin XCConfigurationList section */
		4C98FEC818AC608E008F20F2 /* Build configuration list for PBXProject "SideProjectPrototype" */ = {
			isa = XCConfigurationList;
			buildConfigurations = (
				4C98FF0418AC608E008F20F2 /* Debug */,
				4C98FF0518AC608E008F20F2 /* Release */,
			);
			defaultConfigurationIsVisible = 0;
			defaultConfigurationName = Release;
		};
		4C98FF0618AC608E008F20F2 /* Build configuration list for PBXNativeTarget "SideProjectPrototype" */ = {
			isa = XCConfigurationList;
			buildConfigurations = (
				4C98FF0718AC608E008F20F2 /* Debug */,
				4C98FF0818AC608E008F20F2 /* Release */,
			);
			defaultConfigurationIsVisible = 0;
		};
		4C98FF0918AC608E008F20F2 /* Build configuration list for PBXNativeTarget "SideProjectPrototypeTests" */ = {
			isa = XCConfigurationList;
			buildConfigurations = (
				4C98FF0A18AC608E008F20F2 /* Debug */,
				4C98FF0B18AC608E008F20F2 /* Release */,
			);
			defaultConfigurationIsVisible = 0;
		};
/* End XCConfigurationList section */
	};
	rootObject = 4C98FEC518AC608E008F20F2 /* Project object */;
}
